
Microsoft Visual Studio Solution File, Format Version 12.00
# Visual Studio Version 17
VisualStudioVersion = 17.14.36414.22 d17.14
MinimumVisualStudioVersion = 10.0.40219.1
Project("{FAE04EC0-301F-11D3-BF4B-00C04F79EFBC}") = "Sänka Skepp", "Sänka Skepp.csproj", "{FD33124C-B1E9-4A7F-93B8-3A8B688D876E}"
EndProject
Global
	GlobalSection(SolutionConfigurationPlatforms) = preSolution
		Debug|Any CPU = Debug|Any CPU
		Release|Any CPU = Release|Any CPU
	EndGlobalSection
	GlobalSection(ProjectConfigurationPlatforms) = postSolution
		{FD33124C-B1E9-4A7F-93B8-3A8B688D876E}.Debug|Any CPU.ActiveCfg = Debug|Any CPU
		{FD33124C-B1E9-4A7F-93B8-3A8B688D876E}.Debug|Any CPU.Build.0 = Debug|Any CPU
		{FD33124C-B1E9-4A7F-93B8-3A8B688D876E}.Release|Any CPU.ActiveCfg = Release|Any CPU
		{FD33124C-B1E9-4A7F-93B8-3A8B688D876E}.Release|Any CPU.Build.0 = Release|Any CPU
	EndGlobalSection
	GlobalSection(SolutionProperties) = preSolution
		HideSolutionNode = FALSE
	EndGlobalSection
	GlobalSection(ExtensibilityGlobals) = postSolution
		SolutionGuid = {BDA597A4-DF21-488C-9010-83CC592F7120}
	EndGlobalSection
EndGlobal
